
Microsoft Visual Studio Solution File, Format Version 12.00
# Visual Studio Version 17
VisualStudioVersion = 17.7.34202.233
MinimumVisualStudioVersion = 10.0.40219.1
Project("{FAE04EC0-301F-11D3-BF4B-00C04F79EFBC}") = "ASP.NET_Core_Web_Application_With_SQL_Server_Database_Connection", "ASP.NET_Core_Web_Application_With_SQL_Server_Database_Connection.csproj", "{ACC9556E-E8A9-4A0E-9264-7269C29106FC}"
EndProject
Global
	GlobalSection(SolutionConfigurationPlatforms) = preSolution
		Debug|Any CPU = Debug|Any CPU
		Release|Any CPU = Release|Any CPU
	EndGlobalSection
	GlobalSection(ProjectConfigurationPlatforms) = postSolution
		{ACC9556E-E8A9-4A0E-9264-7269C29106FC}.Debug|Any CPU.ActiveCfg = Debug|Any CPU
		{ACC9556E-E8A9-4A0E-9264-7269C29106FC}.Debug|Any CPU.Build.0 = Debug|Any CPU
		{ACC9556E-E8A9-4A0E-9264-7269C29106FC}.Release|Any CPU.ActiveCfg = Release|Any CPU
		{ACC9556E-E8A9-4A0E-9264-7269C29106FC}.Release|Any CPU.Build.0 = Release|Any CPU
	EndGlobalSection
	GlobalSection(SolutionProperties) = preSolution
		HideSolutionNode = FALSE
	EndGlobalSection
	GlobalSection(ExtensibilityGlobals) = postSolution
		SolutionGuid = {0C35A60C-672F-4E6E-B4ED-52FB15E36DF8}
	EndGlobalSection
EndGlobal
